
Microsoft Visual Studio Solution File, Format Version 12.00
# Visual Studio 15
VisualStudioVersion = 15.0.28306.52
MinimumVisualStudioVersion = 10.0.40219.1
Project("{FAE04EC0-301F-11D3-BF4B-00C04F79EFBC}") = "MediaBox", "MediaBox\MediaBox.csproj", "{31043979-4929-4305-AF4E-298707624AD9}"
EndProject
Project("{FAE04EC0-301F-11D3-BF4B-00C04F79EFBC}") = "MediaBox.Composition", "MediaBox.Composition\MediaBox.Composition.csproj", "{4C5853DB-F82F-4CAB-B140-867C79F816DF}"
EndProject
Project("{FAE04EC0-301F-11D3-BF4B-00C04F79EFBC}") = "MediaBox.DataBase", "MediaBox.DataBase\MediaBox.DataBase.csproj", "{11956867-C389-41B5-B762-BFF5CE6EBCA1}"
EndProject
Global
	GlobalSection(SolutionConfigurationPlatforms) = preSolution
		Debug|Any CPU = Debug|Any CPU
		Release|Any CPU = Release|Any CPU
	EndGlobalSection
	GlobalSection(ProjectConfigurationPlatforms) = postSolution
		{31043979-4929-4305-AF4E-298707624AD9}.Debug|Any CPU.ActiveCfg = Debug|Any CPU
		{31043979-4929-4305-AF4E-298707624AD9}.Debug|Any CPU.Build.0 = Debug|Any CPU
		{31043979-4929-4305-AF4E-298707624AD9}.Release|Any CPU.ActiveCfg = Release|Any CPU
		{31043979-4929-4305-AF4E-298707624AD9}.Release|Any CPU.Build.0 = Release|Any CPU
		{4C5853DB-F82F-4CAB-B140-867C79F816DF}.Debug|Any CPU.ActiveCfg = Debug|Any CPU
		{4C5853DB-F82F-4CAB-B140-867C79F816DF}.Debug|Any CPU.Build.0 = Debug|Any CPU
		{4C5853DB-F82F-4CAB-B140-867C79F816DF}.Release|Any CPU.ActiveCfg = Release|Any CPU
		{4C5853DB-F82F-4CAB-B140-867C79F816DF}.Release|Any CPU.Build.0 = Release|Any CPU
		{11956867-C389-41B5-B762-BFF5CE6EBCA1}.Debug|Any CPU.ActiveCfg = Debug|Any CPU
		{11956867-C389-41B5-B762-BFF5CE6EBCA1}.Debug|Any CPU.Build.0 = Debug|Any CPU
		{11956867-C389-41B5-B762-BFF5CE6EBCA1}.Release|Any CPU.ActiveCfg = Release|Any CPU
		{11956867-C389-41B5-B762-BFF5CE6EBCA1}.Release|Any CPU.Build.0 = Release|Any CPU
	EndGlobalSection
	GlobalSection(SolutionProperties) = preSolution
		HideSolutionNode = FALSE
	EndGlobalSection
	GlobalSection(ExtensibilityGlobals) = postSolution
		SolutionGuid = {421F29AD-6F6B-4494-BD23-AE928A8BD41A}
	EndGlobalSection
EndGlobal
