
Microsoft Visual Studio Solution File, Format Version 12.00
# Visual Studio 15
VisualStudioVersion = 15.0.28307.271
MinimumVisualStudioVersion = 15.0.0
Project("{2150E333-8FDC-42A3-9474-1A3956D46DE8}") = "SolutionItems", "SolutionItems", "{9C0158B7-ABA1-4C8F-BE1E-A9E4CA84A0E4}"
	ProjectSection(SolutionItems) = preProject
		.editorconfig = .editorconfig
		.gitattributes = .gitattributes
		.gitignore = .gitignore
		Directory.Build.props = Directory.Build.props
		Directory.Build.targets = Directory.Build.targets
	EndProjectSection
EndProject
Project("{2150E333-8FDC-42A3-9474-1A3956D46DE8}") = "Tests", "Tests", "{5AD73C16-C793-4481-B0B5-173936FE19E0}"
	ProjectSection(SolutionItems) = preProject
		Tests\Directory.Build.props = Tests\Directory.Build.props
	EndProjectSection
EndProject
Project("{FAE04EC0-301F-11D3-BF4B-00C04F79EFBC}") = "MediaBox", "MediaBox\MediaBox.csproj", "{31043979-4929-4305-AF4E-298707624AD9}"
EndProject
Project("{9A19103F-16F7-4668-BE54-9A1E7A4F7556}") = "MediaBox.Composition", "MediaBox.Composition\MediaBox.Composition.csproj", "{4C5853DB-F82F-4CAB-B140-867C79F816DF}"
EndProject
Project("{9A19103F-16F7-4668-BE54-9A1E7A4F7556}") = "MediaBox.Controls", "MediaBox.Controls\MediaBox.Controls.csproj", "{F51C4E49-F65F-4EA7-8B7C-3D2FDD216BC3}"
EndProject
Project("{9A19103F-16F7-4668-BE54-9A1E7A4F7556}") = "MediaBox.DataBase", "MediaBox.DataBase\MediaBox.DataBase.csproj", "{11956867-C389-41B5-B762-BFF5CE6EBCA1}"
EndProject
Project("{9A19103F-16F7-4668-BE54-9A1E7A4F7556}") = "MediaBox.Library", "MediaBox.Library\MediaBox.Library.csproj", "{79B7E3F4-D88C-4E6D-B54C-B097CFB9A28A}"
EndProject
Project("{9A19103F-16F7-4668-BE54-9A1E7A4F7556}") = "MediaBox.Resources", "MediaBox.Resources\MediaBox.Resources.csproj", "{CBADDB01-90DF-4998-96FB-394863813F66}"
EndProject
Project("{2150E333-8FDC-42A3-9474-1A3956D46DE8}") = "Tests", "Tests", "{6B98B853-3EB4-4A1A-B423-CF315ACC1133}"
EndProject
Project("{9A19103F-16F7-4668-BE54-9A1E7A4F7556}") = "MediaBox.Controls.Tests", "Tests\MediaBox.Controls.Tests\MediaBox.Controls.Tests.csproj", "{777FB11B-5AE0-440C-AB95-AEE66481B774}"
EndProject
Project("{9A19103F-16F7-4668-BE54-9A1E7A4F7556}") = "MediaBox.Library.Tests", "Tests\MediaBox.Library.Tests\MediaBox.Library.Tests.csproj", "{179505ED-7FA0-4EB8-A9FB-9E7480AA87A4}"
EndProject
Project("{9A19103F-16F7-4668-BE54-9A1E7A4F7556}") = "MediaBox.Tests", "Tests\MediaBox.Tests\MediaBox.Tests.csproj", "{8EDF4429-251A-416D-BB68-93F227191BCF}"
EndProject
Project("{9A19103F-16F7-4668-BE54-9A1E7A4F7556}") = "MediaBox.TestUtilities", "Tests\MediaBox.TestUtilities\MediaBox.TestUtilities.csproj", "{666B2ED3-D5E2-4B74-9570-9084EFC0C167}"
EndProject
Global
	GlobalSection(SolutionConfigurationPlatforms) = preSolution
		Debug|Any CPU = Debug|Any CPU
		Release|Any CPU = Release|Any CPU
	EndGlobalSection
	GlobalSection(ProjectConfigurationPlatforms) = postSolution
		# MediaBox
		{31043979-4929-4305-AF4E-298707624AD9}.Debug|Any CPU.ActiveCfg = Debug|Any CPU
		{31043979-4929-4305-AF4E-298707624AD9}.Debug|Any CPU.Build.0 = Debug|Any CPU
		{31043979-4929-4305-AF4E-298707624AD9}.Release|Any CPU.ActiveCfg = Release|Any CPU
		{31043979-4929-4305-AF4E-298707624AD9}.Release|Any CPU.Build.0 = Release|Any CPU
		# MediaBox.Composition
		{4C5853DB-F82F-4CAB-B140-867C79F816DF}.Debug|Any CPU.ActiveCfg = Debug|Any CPU
		{4C5853DB-F82F-4CAB-B140-867C79F816DF}.Debug|Any CPU.Build.0 = Debug|Any CPU
		{4C5853DB-F82F-4CAB-B140-867C79F816DF}.Release|Any CPU.ActiveCfg = Release|Any CPU
		{4C5853DB-F82F-4CAB-B140-867C79F816DF}.Release|Any CPU.Build.0 = Release|Any CPU
		# MediaBox.Controls
		{F51C4E49-F65F-4EA7-8B7C-3D2FDD216BC3}.Debug|Any CPU.ActiveCfg = Debug|Any CPU
		{F51C4E49-F65F-4EA7-8B7C-3D2FDD216BC3}.Debug|Any CPU.Build.0 = Debug|Any CPU
		{F51C4E49-F65F-4EA7-8B7C-3D2FDD216BC3}.Release|Any CPU.ActiveCfg = Release|Any CPU
		{F51C4E49-F65F-4EA7-8B7C-3D2FDD216BC3}.Release|Any CPU.Build.0 = Release|Any CPU
		# MediaBox.DataBase
		{11956867-C389-41B5-B762-BFF5CE6EBCA1}.Debug|Any CPU.ActiveCfg = Debug|Any CPU
		{11956867-C389-41B5-B762-BFF5CE6EBCA1}.Debug|Any CPU.Build.0 = Debug|Any CPU
		{11956867-C389-41B5-B762-BFF5CE6EBCA1}.Release|Any CPU.ActiveCfg = Release|Any CPU
		{11956867-C389-41B5-B762-BFF5CE6EBCA1}.Release|Any CPU.Build.0 = Release|Any CPU
		# MediaBox.Library
		{79B7E3F4-D88C-4E6D-B54C-B097CFB9A28A}.Debug|Any CPU.ActiveCfg = Debug|Any CPU
		{79B7E3F4-D88C-4E6D-B54C-B097CFB9A28A}.Debug|Any CPU.Build.0 = Debug|Any CPU
		{79B7E3F4-D88C-4E6D-B54C-B097CFB9A28A}.Release|Any CPU.ActiveCfg = Release|Any CPU
		{79B7E3F4-D88C-4E6D-B54C-B097CFB9A28A}.Release|Any CPU.Build.0 = Release|Any CPU
		# MediaBox.Resources
		{CBADDB01-90DF-4998-96FB-394863813F66}.Debug|Any CPU.ActiveCfg = Debug|Any CPU
		{CBADDB01-90DF-4998-96FB-394863813F66}.Debug|Any CPU.Build.0 = Debug|Any CPU
		{CBADDB01-90DF-4998-96FB-394863813F66}.Release|Any CPU.ActiveCfg = Release|Any CPU
		{CBADDB01-90DF-4998-96FB-394863813F66}.Release|Any CPU.Build.0 = Release|Any CPU
		# MediaBox.Controls.Tests
		{777FB11B-5AE0-440C-AB95-AEE66481B774}.Debug|Any CPU.ActiveCfg = Debug|Any CPU
		{777FB11B-5AE0-440C-AB95-AEE66481B774}.Debug|Any CPU.Build.0 = Debug|Any CPU
		{777FB11B-5AE0-440C-AB95-AEE66481B774}.Release|Any CPU.ActiveCfg = Release|Any CPU
		{777FB11B-5AE0-440C-AB95-AEE66481B774}.Release|Any CPU.Build.0 = Release|Any CPU
		# MediaBox.Library.Tests
		{179505ED-7FA0-4EB8-A9FB-9E7480AA87A4}.Debug|Any CPU.ActiveCfg = Debug|Any CPU
		{179505ED-7FA0-4EB8-A9FB-9E7480AA87A4}.Debug|Any CPU.Build.0 = Debug|Any CPU
		{179505ED-7FA0-4EB8-A9FB-9E7480AA87A4}.Release|Any CPU.ActiveCfg = Release|Any CPU
		{179505ED-7FA0-4EB8-A9FB-9E7480AA87A4}.Release|Any CPU.Build.0 = Release|Any CPU
		# MediaBox.Tests
		{8EDF4429-251A-416D-BB68-93F227191BCF}.Debug|Any CPU.ActiveCfg = Debug|Any CPU
		{8EDF4429-251A-416D-BB68-93F227191BCF}.Debug|Any CPU.Build.0 = Debug|Any CPU
		{8EDF4429-251A-416D-BB68-93F227191BCF}.Release|Any CPU.ActiveCfg = Release|Any CPU
		{8EDF4429-251A-416D-BB68-93F227191BCF}.Release|Any CPU.Build.0 = Release|Any CPU
		# MediaBox.TestUtilities
		{666B2ED3-D5E2-4B74-9570-9084EFC0C167}.Debug|Any CPU.ActiveCfg = Debug|Any CPU
		{666B2ED3-D5E2-4B74-9570-9084EFC0C167}.Debug|Any CPU.Build.0 = Debug|Any CPU
		{666B2ED3-D5E2-4B74-9570-9084EFC0C167}.Release|Any CPU.ActiveCfg = Release|Any CPU
		{666B2ED3-D5E2-4B74-9570-9084EFC0C167}.Release|Any CPU.Build.0 = Release|Any CPU
	EndGlobalSection
	GlobalSection(SolutionProperties) = preSolution
		HideSolutionNode = FALSE
	EndGlobalSection
	GlobalSection(NestedProjects) = preSolution
		# SolutionItems
		{5AD73C16-C793-4481-B0B5-173936FE19E0} = {9C0158B7-ABA1-4C8F-BE1E-A9E4CA84A0E4}
		# Tests
		{777FB11B-5AE0-440C-AB95-AEE66481B774} = {6B98B853-3EB4-4A1A-B423-CF315ACC1133}
		{179505ED-7FA0-4EB8-A9FB-9E7480AA87A4} = {6B98B853-3EB4-4A1A-B423-CF315ACC1133}
		{8EDF4429-251A-416D-BB68-93F227191BCF} = {6B98B853-3EB4-4A1A-B423-CF315ACC1133}
		{666B2ED3-D5E2-4B74-9570-9084EFC0C167} = {6B98B853-3EB4-4A1A-B423-CF315ACC1133}
	EndGlobalSection
	GlobalSection(ExtensibilityGlobals) = postSolution
		SolutionGuid = {421F29AD-6F6B-4494-BD23-AE928A8BD41A}
	EndGlobalSection
EndGlobal
